
Microsoft Visual Studio Solution File, Format Version 12.00
# Visual Studio Version 17
VisualStudioVersion = 17.8.34525.116
MinimumVisualStudioVersion = 10.0.40219.1
Project("{FAE04EC0-301F-11D3-BF4B-00C04F79EFBC}") = "MovieSearcher", "MovieSearcher.csproj", "{14AB3F61-2B9E-41D5-AA88-A2DB6B6D16F2}"
EndProject
Global
	GlobalSection(SolutionConfigurationPlatforms) = preSolution
		Debug|Any CPU = Debug|Any CPU
		Release|Any CPU = Release|Any CPU
	EndGlobalSection
	GlobalSection(ProjectConfigurationPlatforms) = postSolution
		{14AB3F61-2B9E-41D5-AA88-A2DB6B6D16F2}.Debug|Any CPU.ActiveCfg = Debug|Any CPU
		{14AB3F61-2B9E-41D5-AA88-A2DB6B6D16F2}.Debug|Any CPU.Build.0 = Debug|Any CPU
		{14AB3F61-2B9E-41D5-AA88-A2DB6B6D16F2}.Release|Any CPU.ActiveCfg = Release|Any CPU
		{14AB3F61-2B9E-41D5-AA88-A2DB6B6D16F2}.Release|Any CPU.Build.0 = Release|Any CPU
	EndGlobalSection
	GlobalSection(SolutionProperties) = preSolution
		HideSolutionNode = FALSE
	EndGlobalSection
	GlobalSection(ExtensibilityGlobals) = postSolution
		SolutionGuid = {E0658A49-095D-4A04-B966-3DE0DC80798D}
	EndGlobalSection
EndGlobal
